// !$*UTF8*$!
{
	archiveVersion = 1;
	classes = {
	};
	objectVersion = 56;
	objects = {

/* Begin PBXBuildFile section */
		C3A06D562C07F48E0094E050 /* ARCameraSession.swift in Sources */ = {isa = PBXBuildFile; fileRef = C3A06D552C07F48E0094E050 /* ARCameraSession.swift */; };
		C3A06D582C07F9AD0094E050 /* VideoPreviewView.swift in Sources */ = {isa = PBXBuildFile; fileRef = C3A06D572C07F9AD0094E050 /* VideoPreviewView.swift */; };
		C3A06D5A2C07FF1F0094E050 /* DepthCameraSession.swift in Sources */ = {isa = PBXBuildFile; fileRef = C3A06D592C07FF1F0094E050 /* DepthCameraSession.swift */; };
		C3A06D632C093C020094E050 /* PointCloudMetalView.mm in Sources */ = {isa = PBXBuildFile; fileRef = C3A06D602C093C020094E050 /* PointCloudMetalView.mm */; };
		C3A06D642C093C020094E050 /* AAPLTransforms.mm in Sources */ = {isa = PBXBuildFile; fileRef = C3A06D622C093C020094E050 /* AAPLTransforms.mm */; };
		C3A06D6A2C093C410094E050 /* PointCloud.metal in Sources */ = {isa = PBXBuildFile; fileRef = C3A06D662C093C410094E050 /* PointCloud.metal */; };
		C3A06D6B2C093C410094E050 /* Mixer.metal in Sources */ = {isa = PBXBuildFile; fileRef = C3A06D672C093C410094E050 /* Mixer.metal */; };
		C3A06D6C2C093C410094E050 /* DepthToJET.metal in Sources */ = {isa = PBXBuildFile; fileRef = C3A06D682C093C410094E050 /* DepthToJET.metal */; };
		C3A06D6D2C093C410094E050 /* PassThrough.metal in Sources */ = {isa = PBXBuildFile; fileRef = C3A06D692C093C410094E050 /* PassThrough.metal */; };
		C3A06D6F2C0940D80094E050 /* PointCloudView.swift in Sources */ = {isa = PBXBuildFile; fileRef = C3A06D6E2C0940D80094E050 /* PointCloudView.swift */; };
		C3A06D712C094C3C0094E050 /* FilterChain.swift in Sources */ = {isa = PBXBuildFile; fileRef = C3A06D702C094C3C0094E050 /* FilterChain.swift */; };
		C3B9BA912C07C0E500E4FFC8 /* ARVirtualCamStreamerApp.swift in Sources */ = {isa = PBXBuildFile; fileRef = C3B9BA902C07C0E500E4FFC8 /* ARVirtualCamStreamerApp.swift */; };
		C3B9BA932C07C0E500E4FFC8 /* ContentView.swift in Sources */ = {isa = PBXBuildFile; fileRef = C3B9BA922C07C0E500E4FFC8 /* ContentView.swift */; };
		C3B9BA952C07C0E600E4FFC8 /* Assets.xcassets in Resources */ = {isa = PBXBuildFile; fileRef = C3B9BA942C07C0E600E4FFC8 /* Assets.xcassets */; };
		C3B9BA982C07C0E600E4FFC8 /* Preview Assets.xcassets in Resources */ = {isa = PBXBuildFile; fileRef = C3B9BA972C07C0E600E4FFC8 /* Preview Assets.xcassets */; };
		C3B9BAA22C07C0E600E4FFC8 /* ARVirtualCamStreamerTests.swift in Sources */ = {isa = PBXBuildFile; fileRef = C3B9BAA12C07C0E600E4FFC8 /* ARVirtualCamStreamerTests.swift */; };
		C3B9BAAC2C07C0E600E4FFC8 /* ARVirtualCamStreamerUITests.swift in Sources */ = {isa = PBXBuildFile; fileRef = C3B9BAAB2C07C0E600E4FFC8 /* ARVirtualCamStreamerUITests.swift */; };
		C3B9BAAE2C07C0E600E4FFC8 /* ARVirtualCamStreamerUITestsLaunchTests.swift in Sources */ = {isa = PBXBuildFile; fileRef = C3B9BAAD2C07C0E600E4FFC8 /* ARVirtualCamStreamerUITestsLaunchTests.swift */; };
		C3B9BABD2C07C34900E4FFC8 /* DataCompression in Frameworks */ = {isa = PBXBuildFile; productRef = C3B9BABC2C07C34900E4FFC8 /* DataCompression */; };
		C3B9BAC02C07C36E00E4FFC8 /* WebRTC in Frameworks */ = {isa = PBXBuildFile; productRef = C3B9BABF2C07C36E00E4FFC8 /* WebRTC */; };
		C3B9BAC22C07C38A00E4FFC8 /* Config.swift in Sources */ = {isa = PBXBuildFile; fileRef = C3B9BAC12C07C38A00E4FFC8 /* Config.swift */; };
		C3B9BAC82C07C3FD00E4FFC8 /* CVPixelBufferDataChannel.swift in Sources */ = {isa = PBXBuildFile; fileRef = C3B9BAC42C07C3FD00E4FFC8 /* CVPixelBufferDataChannel.swift */; };
		C3B9BAC92C07C3FD00E4FFC8 /* SignalingClient.swift in Sources */ = {isa = PBXBuildFile; fileRef = C3B9BAC52C07C3FD00E4FFC8 /* SignalingClient.swift */; };
		C3B9BACA2C07C3FD00E4FFC8 /* WebRTCClient.swift in Sources */ = {isa = PBXBuildFile; fileRef = C3B9BAC62C07C3FD00E4FFC8 /* WebRTCClient.swift */; };
		C3B9BACB2C07C3FD00E4FFC8 /* Message.swift in Sources */ = {isa = PBXBuildFile; fileRef = C3B9BAC72C07C3FD00E4FFC8 /* Message.swift */; };
		C3B9BAD22C07C44400E4FFC8 /* RTCStates.swift in Sources */ = {isa = PBXBuildFile; fileRef = C3B9BACD2C07C44400E4FFC8 /* RTCStates.swift */; };
		C3B9BAD32C07C44400E4FFC8 /* CVPixelBuffer.swift in Sources */ = {isa = PBXBuildFile; fileRef = C3B9BACE2C07C44400E4FFC8 /* CVPixelBuffer.swift */; };
		C3B9BAD42C07C44400E4FFC8 /* SessionDescription.swift in Sources */ = {isa = PBXBuildFile; fileRef = C3B9BACF2C07C44400E4FFC8 /* SessionDescription.swift */; };
		C3B9BAD52C07C44400E4FFC8 /* FrameVideoCapturer.swift in Sources */ = {isa = PBXBuildFile; fileRef = C3B9BAD02C07C44400E4FFC8 /* FrameVideoCapturer.swift */; };
		C3B9BAD62C07C44400E4FFC8 /* IceCandidate.swift in Sources */ = {isa = PBXBuildFile; fileRef = C3B9BAD12C07C44400E4FFC8 /* IceCandidate.swift */; };
		C3B9BAD92C07C46E00E4FFC8 /* NativeWebSocket.swift in Sources */ = {isa = PBXBuildFile; fileRef = C3B9BAD72C07C46E00E4FFC8 /* NativeWebSocket.swift */; };
		C3B9BADA2C07C46E00E4FFC8 /* WebSocketProvider.swift in Sources */ = {isa = PBXBuildFile; fileRef = C3B9BAD82C07C46E00E4FFC8 /* WebSocketProvider.swift */; };
		C3B9BADC2C07C59100E4FFC8 /* ConnectionView.swift in Sources */ = {isa = PBXBuildFile; fileRef = C3B9BADB2C07C59100E4FFC8 /* ConnectionView.swift */; };
		C3B9BADF2C07C5F900E4FFC8 /* Buttons.swift in Sources */ = {isa = PBXBuildFile; fileRef = C3B9BADE2C07C5F900E4FFC8 /* Buttons.swift */; };
		C3B9BAE12C07C60B00E4FFC8 /* DataRateView.swift in Sources */ = {isa = PBXBuildFile; fileRef = C3B9BAE02C07C60B00E4FFC8 /* DataRateView.swift */; };
		C3B9BAE42C07CAAA00E4FFC8 /* WebRTCSession.swift in Sources */ = {isa = PBXBuildFile; fileRef = C3B9BAE32C07CAAA00E4FFC8 /* WebRTCSession.swift */; };
		C3B9BAE62C07CE9400E4FFC8 /* SignalingClientSession.swift in Sources */ = {isa = PBXBuildFile; fileRef = C3B9BAE52C07CE9400E4FFC8 /* SignalingClientSession.swift */; };
		C3B9BAE82C07DAF400E4FFC8 /* PixelBufferView.swift in Sources */ = {isa = PBXBuildFile; fileRef = C3B9BAE72C07DAF400E4FFC8 /* PixelBufferView.swift */; };
		C3B9BAEA2C07DF6400E4FFC8 /* DepthCameraViewBasic.swift in Sources */ = {isa = PBXBuildFile; fileRef = C3B9BAE92C07DF6400E4FFC8 /* DepthCameraViewBasic.swift */; };
		C3B9BAEC2C07E0CB00E4FFC8 /* DepthCameraSessionBasic.swift in Sources */ = {isa = PBXBuildFile; fileRef = C3B9BAEB2C07E0CB00E4FFC8 /* DepthCameraSessionBasic.swift */; };
/* End PBXBuildFile section */

/* Begin PBXContainerItemProxy section */
		C3B9BA9E2C07C0E600E4FFC8 /* PBXContainerItemProxy */ = {
			isa = PBXContainerItemProxy;
			containerPortal = C3B9BA852C07C0E500E4FFC8 /* Project object */;
			proxyType = 1;
			remoteGlobalIDString = C3B9BA8C2C07C0E500E4FFC8;
			remoteInfo = ARVirtualCamStreamer;
		};
		C3B9BAA82C07C0E600E4FFC8 /* PBXContainerItemProxy */ = {
			isa = PBXContainerItemProxy;
			containerPortal = C3B9BA852C07C0E500E4FFC8 /* Project object */;
			proxyType = 1;
			remoteGlobalIDString = C3B9BA8C2C07C0E500E4FFC8;
			remoteInfo = ARVirtualCamStreamer;
		};
/* End PBXContainerItemProxy section */

/* Begin PBXFileReference section */
		C3A06D552C07F48E0094E050 /* ARCameraSession.swift */ = {isa = PBXFileReference; lastKnownFileType = sourcecode.swift; path = ARCameraSession.swift; sourceTree = "<group>"; };
		C3A06D572C07F9AD0094E050 /* VideoPreviewView.swift */ = {isa = PBXFileReference; lastKnownFileType = sourcecode.swift; path = VideoPreviewView.swift; sourceTree = "<group>"; };
		C3A06D592C07FF1F0094E050 /* DepthCameraSession.swift */ = {isa = PBXFileReference; lastKnownFileType = sourcecode.swift; path = DepthCameraSession.swift; sourceTree = "<group>"; };
		C3A06D5E2C093C020094E050 /* ARVirtualCamStreamer-Bridging-Header.h */ = {isa = PBXFileReference; lastKnownFileType = sourcecode.c.h; path = "ARVirtualCamStreamer-Bridging-Header.h"; sourceTree = "<group>"; };
		C3A06D5F2C093C020094E050 /* AAPLTransforms.h */ = {isa = PBXFileReference; fileEncoding = 4; lastKnownFileType = sourcecode.c.h; path = AAPLTransforms.h; sourceTree = "<group>"; };
		C3A06D602C093C020094E050 /* PointCloudMetalView.mm */ = {isa = PBXFileReference; fileEncoding = 4; lastKnownFileType = sourcecode.cpp.objcpp; path = PointCloudMetalView.mm; sourceTree = "<group>"; };
		C3A06D612C093C020094E050 /* PointCloudMetalView.h */ = {isa = PBXFileReference; fileEncoding = 4; lastKnownFileType = sourcecode.c.h; path = PointCloudMetalView.h; sourceTree = "<group>"; };
		C3A06D622C093C020094E050 /* AAPLTransforms.mm */ = {isa = PBXFileReference; fileEncoding = 4; lastKnownFileType = sourcecode.cpp.objcpp; path = AAPLTransforms.mm; sourceTree = "<group>"; };
		C3A06D662C093C410094E050 /* PointCloud.metal */ = {isa = PBXFileReference; fileEncoding = 4; lastKnownFileType = sourcecode.metal; path = PointCloud.metal; sourceTree = "<group>"; };
		C3A06D672C093C410094E050 /* Mixer.metal */ = {isa = PBXFileReference; fileEncoding = 4; lastKnownFileType = sourcecode.metal; path = Mixer.metal; sourceTree = "<group>"; };
		C3A06D682C093C410094E050 /* DepthToJET.metal */ = {isa = PBXFileReference; fileEncoding = 4; lastKnownFileType = sourcecode.metal; path = DepthToJET.metal; sourceTree = "<group>"; };
		C3A06D692C093C410094E050 /* PassThrough.metal */ = {isa = PBXFileReference; fileEncoding = 4; lastKnownFileType = sourcecode.metal; path = PassThrough.metal; sourceTree = "<group>"; };
		C3A06D6E2C0940D80094E050 /* PointCloudView.swift */ = {isa = PBXFileReference; lastKnownFileType = sourcecode.swift; path = PointCloudView.swift; sourceTree = "<group>"; };
		C3A06D702C094C3C0094E050 /* FilterChain.swift */ = {isa = PBXFileReference; lastKnownFileType = sourcecode.swift; path = FilterChain.swift; sourceTree = "<group>"; };
		C3B9BA8D2C07C0E500E4FFC8 /* ARVirtualCamStreamer.app */ = {isa = PBXFileReference; explicitFileType = wrapper.application; includeInIndex = 0; path = ARVirtualCamStreamer.app; sourceTree = BUILT_PRODUCTS_DIR; };
		C3B9BA902C07C0E500E4FFC8 /* ARVirtualCamStreamerApp.swift */ = {isa = PBXFileReference; lastKnownFileType = sourcecode.swift; path = ARVirtualCamStreamerApp.swift; sourceTree = "<group>"; };
		C3B9BA922C07C0E500E4FFC8 /* ContentView.swift */ = {isa = PBXFileReference; lastKnownFileType = sourcecode.swift; path = ContentView.swift; sourceTree = "<group>"; };
		C3B9BA942C07C0E600E4FFC8 /* Assets.xcassets */ = {isa = PBXFileReference; lastKnownFileType = folder.assetcatalog; path = Assets.xcassets; sourceTree = "<group>"; };
		C3B9BA972C07C0E600E4FFC8 /* Preview Assets.xcassets */ = {isa = PBXFileReference; lastKnownFileType = folder.assetcatalog; path = "Preview Assets.xcassets"; sourceTree = "<group>"; };
		C3B9BA9D2C07C0E600E4FFC8 /* ARVirtualCamStreamerTests.xctest */ = {isa = PBXFileReference; explicitFileType = wrapper.cfbundle; includeInIndex = 0; path = ARVirtualCamStreamerTests.xctest; sourceTree = BUILT_PRODUCTS_DIR; };
		C3B9BAA12C07C0E600E4FFC8 /* ARVirtualCamStreamerTests.swift */ = {isa = PBXFileReference; lastKnownFileType = sourcecode.swift; path = ARVirtualCamStreamerTests.swift; sourceTree = "<group>"; };
		C3B9BAA72C07C0E600E4FFC8 /* ARVirtualCamStreamerUITests.xctest */ = {isa = PBXFileReference; explicitFileType = wrapper.cfbundle; includeInIndex = 0; path = ARVirtualCamStreamerUITests.xctest; sourceTree = BUILT_PRODUCTS_DIR; };
		C3B9BAAB2C07C0E600E4FFC8 /* ARVirtualCamStreamerUITests.swift */ = {isa = PBXFileReference; lastKnownFileType = sourcecode.swift; path = ARVirtualCamStreamerUITests.swift; sourceTree = "<group>"; };
		C3B9BAAD2C07C0E600E4FFC8 /* ARVirtualCamStreamerUITestsLaunchTests.swift */ = {isa = PBXFileReference; lastKnownFileType = sourcecode.swift; path = ARVirtualCamStreamerUITestsLaunchTests.swift; sourceTree = "<group>"; };
		C3B9BAC12C07C38A00E4FFC8 /* Config.swift */ = {isa = PBXFileReference; lastKnownFileType = sourcecode.swift; path = Config.swift; sourceTree = "<group>"; };
		C3B9BAC42C07C3FD00E4FFC8 /* CVPixelBufferDataChannel.swift */ = {isa = PBXFileReference; fileEncoding = 4; lastKnownFileType = sourcecode.swift; path = CVPixelBufferDataChannel.swift; sourceTree = "<group>"; };
		C3B9BAC52C07C3FD00E4FFC8 /* SignalingClient.swift */ = {isa = PBXFileReference; fileEncoding = 4; lastKnownFileType = sourcecode.swift; path = SignalingClient.swift; sourceTree = "<group>"; };
		C3B9BAC62C07C3FD00E4FFC8 /* WebRTCClient.swift */ = {isa = PBXFileReference; fileEncoding = 4; lastKnownFileType = sourcecode.swift; path = WebRTCClient.swift; sourceTree = "<group>"; };
		C3B9BAC72C07C3FD00E4FFC8 /* Message.swift */ = {isa = PBXFileReference; fileEncoding = 4; lastKnownFileType = sourcecode.swift; path = Message.swift; sourceTree = "<group>"; };
		C3B9BACD2C07C44400E4FFC8 /* RTCStates.swift */ = {isa = PBXFileReference; fileEncoding = 4; lastKnownFileType = sourcecode.swift; path = RTCStates.swift; sourceTree = "<group>"; };
		C3B9BACE2C07C44400E4FFC8 /* CVPixelBuffer.swift */ = {isa = PBXFileReference; fileEncoding = 4; lastKnownFileType = sourcecode.swift; path = CVPixelBuffer.swift; sourceTree = "<group>"; };
		C3B9BACF2C07C44400E4FFC8 /* SessionDescription.swift */ = {isa = PBXFileReference; fileEncoding = 4; lastKnownFileType = sourcecode.swift; path = SessionDescription.swift; sourceTree = "<group>"; };
		C3B9BAD02C07C44400E4FFC8 /* FrameVideoCapturer.swift */ = {isa = PBXFileReference; fileEncoding = 4; lastKnownFileType = sourcecode.swift; path = FrameVideoCapturer.swift; sourceTree = "<group>"; };
		C3B9BAD12C07C44400E4FFC8 /* IceCandidate.swift */ = {isa = PBXFileReference; fileEncoding = 4; lastKnownFileType = sourcecode.swift; path = IceCandidate.swift; sourceTree = "<group>"; };
		C3B9BAD72C07C46E00E4FFC8 /* NativeWebSocket.swift */ = {isa = PBXFileReference; fileEncoding = 4; lastKnownFileType = sourcecode.swift; path = NativeWebSocket.swift; sourceTree = "<group>"; };
		C3B9BAD82C07C46E00E4FFC8 /* WebSocketProvider.swift */ = {isa = PBXFileReference; fileEncoding = 4; lastKnownFileType = sourcecode.swift; path = WebSocketProvider.swift; sourceTree = "<group>"; };
		C3B9BADB2C07C59100E4FFC8 /* ConnectionView.swift */ = {isa = PBXFileReference; lastKnownFileType = sourcecode.swift; path = ConnectionView.swift; sourceTree = "<group>"; };
		C3B9BADE2C07C5F900E4FFC8 /* Buttons.swift */ = {isa = PBXFileReference; lastKnownFileType = sourcecode.swift; path = Buttons.swift; sourceTree = "<group>"; };
		C3B9BAE02C07C60B00E4FFC8 /* DataRateView.swift */ = {isa = PBXFileReference; lastKnownFileType = sourcecode.swift; path = DataRateView.swift; sourceTree = "<group>"; };
		C3B9BAE32C07CAAA00E4FFC8 /* WebRTCSession.swift */ = {isa = PBXFileReference; lastKnownFileType = sourcecode.swift; path = WebRTCSession.swift; sourceTree = "<group>"; };
		C3B9BAE52C07CE9400E4FFC8 /* SignalingClientSession.swift */ = {isa = PBXFileReference; lastKnownFileType = sourcecode.swift; path = SignalingClientSession.swift; sourceTree = "<group>"; };
		C3B9BAE72C07DAF400E4FFC8 /* PixelBufferView.swift */ = {isa = PBXFileReference; lastKnownFileType = sourcecode.swift; path = PixelBufferView.swift; sourceTree = "<group>"; };
		C3B9BAE92C07DF6400E4FFC8 /* DepthCameraViewBasic.swift */ = {isa = PBXFileReference; lastKnownFileType = sourcecode.swift; path = DepthCameraViewBasic.swift; sourceTree = "<group>"; };
		C3B9BAEB2C07E0CB00E4FFC8 /* DepthCameraSessionBasic.swift */ = {isa = PBXFileReference; lastKnownFileType = sourcecode.swift; path = DepthCameraSessionBasic.swift; sourceTree = "<group>"; };
		C3B9BAED2C07E5A600E4FFC8 /* Info.plist */ = {isa = PBXFileReference; lastKnownFileType = text.plist; path = Info.plist; sourceTree = "<group>"; };
/* End PBXFileReference section */

/* Begin PBXFrameworksBuildPhase section */
		C3B9BA8A2C07C0E500E4FFC8 /* Frameworks */ = {
			isa = PBXFrameworksBuildPhase;
			buildActionMask = 2147483647;
			files = (
				C3B9BABD2C07C34900E4FFC8 /* DataCompression in Frameworks */,
				C3B9BAC02C07C36E00E4FFC8 /* WebRTC in Frameworks */,
			);
			runOnlyForDeploymentPostprocessing = 0;
		};
		C3B9BA9A2C07C0E600E4FFC8 /* Frameworks */ = {
			isa = PBXFrameworksBuildPhase;
			buildActionMask = 2147483647;
			files = (
			);
			runOnlyForDeploymentPostprocessing = 0;
		};
		C3B9BAA42C07C0E600E4FFC8 /* Frameworks */ = {
			isa = PBXFrameworksBuildPhase;
			buildActionMask = 2147483647;
			files = (
			);
			runOnlyForDeploymentPostprocessing = 0;
		};
/* End PBXFrameworksBuildPhase section */

/* Begin PBXGroup section */
		C3A06D5B2C093B650094E050 /* PointCloud */ = {
			isa = PBXGroup;
			children = (
				C3A06D5F2C093C020094E050 /* AAPLTransforms.h */,
				C3A06D622C093C020094E050 /* AAPLTransforms.mm */,
				C3A06D612C093C020094E050 /* PointCloudMetalView.h */,
				C3A06D602C093C020094E050 /* PointCloudMetalView.mm */,
			);
			path = PointCloud;
			sourceTree = "<group>";
		};
		C3A06D652C093C410094E050 /* Shaders */ = {
			isa = PBXGroup;
			children = (
				C3A06D662C093C410094E050 /* PointCloud.metal */,
				C3A06D672C093C410094E050 /* Mixer.metal */,
				C3A06D682C093C410094E050 /* DepthToJET.metal */,
				C3A06D692C093C410094E050 /* PassThrough.metal */,
			);
			name = Shaders;
			path = ARVirtualCamStreamer/Shaders;
			sourceTree = SOURCE_ROOT;
		};
		C3B9BA842C07C0E500E4FFC8 = {
			isa = PBXGroup;
			children = (
				C3B9BA8F2C07C0E500E4FFC8 /* ARVirtualCamStreamer */,
				C3B9BAA02C07C0E600E4FFC8 /* ARVirtualCamStreamerTests */,
				C3B9BAAA2C07C0E600E4FFC8 /* ARVirtualCamStreamerUITests */,
				C3B9BA8E2C07C0E500E4FFC8 /* Products */,
			);
			sourceTree = "<group>";
		};
		C3B9BA8E2C07C0E500E4FFC8 /* Products */ = {
			isa = PBXGroup;
			children = (
				C3B9BA8D2C07C0E500E4FFC8 /* ARVirtualCamStreamer.app */,
				C3B9BA9D2C07C0E600E4FFC8 /* ARVirtualCamStreamerTests.xctest */,
				C3B9BAA72C07C0E600E4FFC8 /* ARVirtualCamStreamerUITests.xctest */,
			);
			name = Products;
			sourceTree = "<group>";
		};
		C3B9BA8F2C07C0E500E4FFC8 /* ARVirtualCamStreamer */ = {
			isa = PBXGroup;
			children = (
				C3A06D5E2C093C020094E050 /* ARVirtualCamStreamer-Bridging-Header.h */,
				C3B9BAED2C07E5A600E4FFC8 /* Info.plist */,
				C3B9BA902C07C0E500E4FFC8 /* ARVirtualCamStreamerApp.swift */,
				C3B9BAC12C07C38A00E4FFC8 /* Config.swift */,
				C3B9BA942C07C0E600E4FFC8 /* Assets.xcassets */,
				C3B9BACC2C07C41D00E4FFC8 /* Extensions */,
				C3B9BAE22C07CA9000E4FFC8 /* Models */,
				C3A06D5B2C093B650094E050 /* PointCloud */,
				C3B9BA962C07C0E600E4FFC8 /* Preview Content */,
				C3B9BAC32C07C3C500E4FFC8 /* Services */,
				C3A06D652C093C410094E050 /* Shaders */,
				C3B9BABA2C07C0FF00E4FFC8 /* Views */,
			);
			path = ARVirtualCamStreamer;
			sourceTree = "<group>";
		};
		C3B9BA962C07C0E600E4FFC8 /* Preview Content */ = {
			isa = PBXGroup;
			children = (
				C3B9BA972C07C0E600E4FFC8 /* Preview Assets.xcassets */,
			);
			path = "Preview Content";
			sourceTree = "<group>";
		};
		C3B9BAA02C07C0E600E4FFC8 /* ARVirtualCamStreamerTests */ = {
			isa = PBXGroup;
			children = (
				C3B9BAA12C07C0E600E4FFC8 /* ARVirtualCamStreamerTests.swift */,
			);
			path = ARVirtualCamStreamerTests;
			sourceTree = "<group>";
		};
		C3B9BAAA2C07C0E600E4FFC8 /* ARVirtualCamStreamerUITests */ = {
			isa = PBXGroup;
			children = (
				C3B9BAAB2C07C0E600E4FFC8 /* ARVirtualCamStreamerUITests.swift */,
				C3B9BAAD2C07C0E600E4FFC8 /* ARVirtualCamStreamerUITestsLaunchTests.swift */,
			);
			path = ARVirtualCamStreamerUITests;
			sourceTree = "<group>";
		};
		C3B9BABA2C07C0FF00E4FFC8 /* Views */ = {
			isa = PBXGroup;
			children = (
				C3B9BADD2C07C5EB00E4FFC8 /* Components */,
				C3B9BA922C07C0E500E4FFC8 /* ContentView.swift */,
				C3B9BADB2C07C59100E4FFC8 /* ConnectionView.swift */,
				C3B9BAE72C07DAF400E4FFC8 /* PixelBufferView.swift */,
				C3B9BAE92C07DF6400E4FFC8 /* DepthCameraViewBasic.swift */,
				C3A06D572C07F9AD0094E050 /* VideoPreviewView.swift */,
				C3A06D6E2C0940D80094E050 /* PointCloudView.swift */,
			);
			path = Views;
			sourceTree = "<group>";
		};
		C3B9BAC32C07C3C500E4FFC8 /* Services */ = {
			isa = PBXGroup;
			children = (
				C3B9BAD72C07C46E00E4FFC8 /* NativeWebSocket.swift */,
				C3B9BAD82C07C46E00E4FFC8 /* WebSocketProvider.swift */,
				C3B9BAC42C07C3FD00E4FFC8 /* CVPixelBufferDataChannel.swift */,
				C3B9BAC72C07C3FD00E4FFC8 /* Message.swift */,
				C3B9BAC52C07C3FD00E4FFC8 /* SignalingClient.swift */,
				C3B9BAC62C07C3FD00E4FFC8 /* WebRTCClient.swift */,
			);
			path = Services;
			sourceTree = "<group>";
		};
		C3B9BACC2C07C41D00E4FFC8 /* Extensions */ = {
			isa = PBXGroup;
			children = (
				C3B9BACE2C07C44400E4FFC8 /* CVPixelBuffer.swift */,
				C3B9BAD02C07C44400E4FFC8 /* FrameVideoCapturer.swift */,
				C3B9BAD12C07C44400E4FFC8 /* IceCandidate.swift */,
				C3B9BACD2C07C44400E4FFC8 /* RTCStates.swift */,
				C3B9BACF2C07C44400E4FFC8 /* SessionDescription.swift */,
				C3A06D702C094C3C0094E050 /* FilterChain.swift */,
			);
			path = Extensions;
			sourceTree = "<group>";
		};
		C3B9BADD2C07C5EB00E4FFC8 /* Components */ = {
			isa = PBXGroup;
			children = (
				C3B9BADE2C07C5F900E4FFC8 /* Buttons.swift */,
				C3B9BAE02C07C60B00E4FFC8 /* DataRateView.swift */,
			);
			path = Components;
			sourceTree = "<group>";
		};
		C3B9BAE22C07CA9000E4FFC8 /* Models */ = {
			isa = PBXGroup;
			children = (
				C3B9BAEB2C07E0CB00E4FFC8 /* DepthCameraSessionBasic.swift */,
				C3B9BAE32C07CAAA00E4FFC8 /* WebRTCSession.swift */,
				C3B9BAE52C07CE9400E4FFC8 /* SignalingClientSession.swift */,
				C3A06D552C07F48E0094E050 /* ARCameraSession.swift */,
				C3A06D592C07FF1F0094E050 /* DepthCameraSession.swift */,
			);
			path = Models;
			sourceTree = "<group>";
		};
/* End PBXGroup section */

/* Begin PBXNativeTarget section */
		C3B9BA8C2C07C0E500E4FFC8 /* ARVirtualCamStreamer */ = {
			isa = PBXNativeTarget;
			buildConfigurationList = C3B9BAB12C07C0E600E4FFC8 /* Build configuration list for PBXNativeTarget "ARVirtualCamStreamer" */;
			buildPhases = (
				C3B9BA892C07C0E500E4FFC8 /* Sources */,
				C3B9BA8A2C07C0E500E4FFC8 /* Frameworks */,
				C3B9BA8B2C07C0E500E4FFC8 /* Resources */,
			);
			buildRules = (
			);
			dependencies = (
			);
			name = ARVirtualCamStreamer;
			packageProductDependencies = (
				C3B9BABC2C07C34900E4FFC8 /* DataCompression */,
				C3B9BABF2C07C36E00E4FFC8 /* WebRTC */,
			);
			productName = ARVirtualCamStreamer;
			productReference = C3B9BA8D2C07C0E500E4FFC8 /* ARVirtualCamStreamer.app */;
			productType = "com.apple.product-type.application";
		};
		C3B9BA9C2C07C0E600E4FFC8 /* ARVirtualCamStreamerTests */ = {
			isa = PBXNativeTarget;
			buildConfigurationList = C3B9BAB42C07C0E600E4FFC8 /* Build configuration list for PBXNativeTarget "ARVirtualCamStreamerTests" */;
			buildPhases = (
				C3B9BA992C07C0E600E4FFC8 /* Sources */,
				C3B9BA9A2C07C0E600E4FFC8 /* Frameworks */,
				C3B9BA9B2C07C0E600E4FFC8 /* Resources */,
			);
			buildRules = (
			);
			dependencies = (
				C3B9BA9F2C07C0E600E4FFC8 /* PBXTargetDependency */,
			);
			name = ARVirtualCamStreamerTests;
			productName = ARVirtualCamStreamerTests;
			productReference = C3B9BA9D2C07C0E600E4FFC8 /* ARVirtualCamStreamerTests.xctest */;
			productType = "com.apple.product-type.bundle.unit-test";
		};
		C3B9BAA62C07C0E600E4FFC8 /* ARVirtualCamStreamerUITests */ = {
			isa = PBXNativeTarget;
			buildConfigurationList = C3B9BAB72C07C0E600E4FFC8 /* Build configuration list for PBXNativeTarget "ARVirtualCamStreamerUITests" */;
			buildPhases = (
				C3B9BAA32C07C0E600E4FFC8 /* Sources */,
				C3B9BAA42C07C0E600E4FFC8 /* Frameworks */,
				C3B9BAA52C07C0E600E4FFC8 /* Resources */,
			);
			buildRules = (
			);
			dependencies = (
				C3B9BAA92C07C0E600E4FFC8 /* PBXTargetDependency */,
			);
			name = ARVirtualCamStreamerUITests;
			productName = ARVirtualCamStreamerUITests;
			productReference = C3B9BAA72C07C0E600E4FFC8 /* ARVirtualCamStreamerUITests.xctest */;
			productType = "com.apple.product-type.bundle.ui-testing";
		};
/* End PBXNativeTarget section */

/* Begin PBXProject section */
		C3B9BA852C07C0E500E4FFC8 /* Project object */ = {
			isa = PBXProject;
			attributes = {
				BuildIndependentTargetsInParallel = 1;
				LastSwiftUpdateCheck = 1500;
				LastUpgradeCheck = 1500;
				TargetAttributes = {
					C3B9BA8C2C07C0E500E4FFC8 = {
						CreatedOnToolsVersion = 15.0.1;
						LastSwiftMigration = 1500;
					};
					C3B9BA9C2C07C0E600E4FFC8 = {
						CreatedOnToolsVersion = 15.0.1;
						TestTargetID = C3B9BA8C2C07C0E500E4FFC8;
					};
					C3B9BAA62C07C0E600E4FFC8 = {
						CreatedOnToolsVersion = 15.0.1;
						TestTargetID = C3B9BA8C2C07C0E500E4FFC8;
					};
				};
			};
			buildConfigurationList = C3B9BA882C07C0E500E4FFC8 /* Build configuration list for PBXProject "ARVirtualCamStreamer" */;
			compatibilityVersion = "Xcode 14.0";
			developmentRegion = en;
			hasScannedForEncodings = 0;
			knownRegions = (
				en,
				Base,
			);
			mainGroup = C3B9BA842C07C0E500E4FFC8;
			packageReferences = (
				C3B9BABB2C07C34900E4FFC8 /* XCRemoteSwiftPackageReference "DataCompression" */,
				C3B9BABE2C07C36E00E4FFC8 /* XCRemoteSwiftPackageReference "WebRTC" */,
			);
			productRefGroup = C3B9BA8E2C07C0E500E4FFC8 /* Products */;
			projectDirPath = "";
			projectRoot = "";
			targets = (
				C3B9BA8C2C07C0E500E4FFC8 /* ARVirtualCamStreamer */,
				C3B9BA9C2C07C0E600E4FFC8 /* ARVirtualCamStreamerTests */,
				C3B9BAA62C07C0E600E4FFC8 /* ARVirtualCamStreamerUITests */,
			);
		};
/* End PBXProject section */

/* Begin PBXResourcesBuildPhase section */
		C3B9BA8B2C07C0E500E4FFC8 /* Resources */ = {
			isa = PBXResourcesBuildPhase;
			buildActionMask = 2147483647;
			files = (
				C3B9BA982C07C0E600E4FFC8 /* Preview Assets.xcassets in Resources */,
				C3B9BA952C07C0E600E4FFC8 /* Assets.xcassets in Resources */,
			);
			runOnlyForDeploymentPostprocessing = 0;
		};
		C3B9BA9B2C07C0E600E4FFC8 /* Resources */ = {
			isa = PBXResourcesBuildPhase;
			buildActionMask = 2147483647;
			files = (
			);
			runOnlyForDeploymentPostprocessing = 0;
		};
		C3B9BAA52C07C0E600E4FFC8 /* Resources */ = {
			isa = PBXResourcesBuildPhase;
			buildActionMask = 2147483647;
			files = (
			);
			runOnlyForDeploymentPostprocessing = 0;
		};
/* End PBXResourcesBuildPhase section */

/* Begin PBXSourcesBuildPhase section */
		C3B9BA892C07C0E500E4FFC8 /* Sources */ = {
			isa = PBXSourcesBuildPhase;
			buildActionMask = 2147483647;
			files = (
				C3B9BAE12C07C60B00E4FFC8 /* DataRateView.swift in Sources */,
				C3A06D632C093C020094E050 /* PointCloudMetalView.mm in Sources */,
				C3A06D6A2C093C410094E050 /* PointCloud.metal in Sources */,
				C3B9BAD52C07C44400E4FFC8 /* FrameVideoCapturer.swift in Sources */,
				C3B9BADC2C07C59100E4FFC8 /* ConnectionView.swift in Sources */,
				C3B9BAC92C07C3FD00E4FFC8 /* SignalingClient.swift in Sources */,
				C3B9BAD32C07C44400E4FFC8 /* CVPixelBuffer.swift in Sources */,
				C3A06D6B2C093C410094E050 /* Mixer.metal in Sources */,
				C3B9BA932C07C0E500E4FFC8 /* ContentView.swift in Sources */,
				C3A06D5A2C07FF1F0094E050 /* DepthCameraSession.swift in Sources */,
				C3A06D712C094C3C0094E050 /* FilterChain.swift in Sources */,
				C3B9BAC82C07C3FD00E4FFC8 /* CVPixelBufferDataChannel.swift in Sources */,
				C3A06D6F2C0940D80094E050 /* PointCloudView.swift in Sources */,
				C3B9BAD92C07C46E00E4FFC8 /* NativeWebSocket.swift in Sources */,
				C3B9BAE42C07CAAA00E4FFC8 /* WebRTCSession.swift in Sources */,
				C3B9BADF2C07C5F900E4FFC8 /* Buttons.swift in Sources */,
				C3B9BA912C07C0E500E4FFC8 /* ARVirtualCamStreamerApp.swift in Sources */,
				C3A06D562C07F48E0094E050 /* ARCameraSession.swift in Sources */,
				C3A06D6C2C093C410094E050 /* DepthToJET.metal in Sources */,
				C3B9BAD42C07C44400E4FFC8 /* SessionDescription.swift in Sources */,
				C3B9BAC22C07C38A00E4FFC8 /* Config.swift in Sources */,
				C3B9BAEC2C07E0CB00E4FFC8 /* DepthCameraSessionBasic.swift in Sources */,
				C3B9BACA2C07C3FD00E4FFC8 /* WebRTCClient.swift in Sources */,
				C3A06D642C093C020094E050 /* AAPLTransforms.mm in Sources */,
				C3B9BADA2C07C46E00E4FFC8 /* WebSocketProvider.swift in Sources */,
				C3B9BAE82C07DAF400E4FFC8 /* PixelBufferView.swift in Sources */,
				C3B9BAE62C07CE9400E4FFC8 /* SignalingClientSession.swift in Sources */,
				C3A06D6D2C093C410094E050 /* PassThrough.metal in Sources */,
				C3B9BAEA2C07DF6400E4FFC8 /* DepthCameraViewBasic.swift in Sources */,
				C3B9BACB2C07C3FD00E4FFC8 /* Message.swift in Sources */,
				C3A06D582C07F9AD0094E050 /* VideoPreviewView.swift in Sources */,
				C3B9BAD22C07C44400E4FFC8 /* RTCStates.swift in Sources */,
				C3B9BAD62C07C44400E4FFC8 /* IceCandidate.swift in Sources */,
			);
			runOnlyForDeploymentPostprocessing = 0;
		};
		C3B9BA992C07C0E600E4FFC8 /* Sources */ = {
			isa = PBXSourcesBuildPhase;
			buildActionMask = 2147483647;
			files = (
				C3B9BAA22C07C0E600E4FFC8 /* ARVirtualCamStreamerTests.swift in Sources */,
			);
			runOnlyForDeploymentPostprocessing = 0;
		};
		C3B9BAA32C07C0E600E4FFC8 /* Sources */ = {
			isa = PBXSourcesBuildPhase;
			buildActionMask = 2147483647;
			files = (
				C3B9BAAE2C07C0E600E4FFC8 /* ARVirtualCamStreamerUITestsLaunchTests.swift in Sources */,
				C3B9BAAC2C07C0E600E4FFC8 /* ARVirtualCamStreamerUITests.swift in Sources */,
			);
			runOnlyForDeploymentPostprocessing = 0;
		};
/* End PBXSourcesBuildPhase section */

/* Begin PBXTargetDependency section */
		C3B9BA9F2C07C0E600E4FFC8 /* PBXTargetDependency */ = {
			isa = PBXTargetDependency;
			target = C3B9BA8C2C07C0E500E4FFC8 /* ARVirtualCamStreamer */;
			targetProxy = C3B9BA9E2C07C0E600E4FFC8 /* PBXContainerItemProxy */;
		};
		C3B9BAA92C07C0E600E4FFC8 /* PBXTargetDependency */ = {
			isa = PBXTargetDependency;
			target = C3B9BA8C2C07C0E500E4FFC8 /* ARVirtualCamStreamer */;
			targetProxy = C3B9BAA82C07C0E600E4FFC8 /* PBXContainerItemProxy */;
		};
/* End PBXTargetDependency section */

/* Begin XCBuildConfiguration section */
		C3B9BAAF2C07C0E600E4FFC8 /* Debug */ = {
			isa = XCBuildConfiguration;
			buildSettings = {
				ALWAYS_SEARCH_USER_PATHS = NO;
				ASSETCATALOG_COMPILER_GENERATE_SWIFT_ASSET_SYMBOL_EXTENSIONS = YES;
				CLANG_ANALYZER_NONNULL = YES;
				CLANG_ANALYZER_NUMBER_OBJECT_CONVERSION = YES_AGGRESSIVE;
				CLANG_CXX_LANGUAGE_STANDARD = "gnu++20";
				CLANG_ENABLE_MODULES = YES;
				CLANG_ENABLE_OBJC_ARC = YES;
				CLANG_ENABLE_OBJC_WEAK = YES;
				CLANG_WARN_BLOCK_CAPTURE_AUTORELEASING = YES;
				CLANG_WARN_BOOL_CONVERSION = YES;
				CLANG_WARN_COMMA = YES;
				CLANG_WARN_CONSTANT_CONVERSION = YES;
				CLANG_WARN_DEPRECATED_OBJC_IMPLEMENTATIONS = YES;
				CLANG_WARN_DIRECT_OBJC_ISA_USAGE = YES_ERROR;
				CLANG_WARN_DOCUMENTATION_COMMENTS = YES;
				CLANG_WARN_EMPTY_BODY = YES;
				CLANG_WARN_ENUM_CONVERSION = YES;
				CLANG_WARN_INFINITE_RECURSION = YES;
				CLANG_WARN_INT_CONVERSION = YES;
				CLANG_WARN_NON_LITERAL_NULL_CONVERSION = YES;
				CLANG_WARN_OBJC_IMPLICIT_RETAIN_SELF = YES;
				CLANG_WARN_OBJC_LITERAL_CONVERSION = YES;
				CLANG_WARN_OBJC_ROOT_CLASS = YES_ERROR;
				CLANG_WARN_QUOTED_INCLUDE_IN_FRAMEWORK_HEADER = YES;
				CLANG_WARN_RANGE_LOOP_ANALYSIS = YES;
				CLANG_WARN_STRICT_PROTOTYPES = YES;
				CLANG_WARN_SUSPICIOUS_MOVE = YES;
				CLANG_WARN_UNGUARDED_AVAILABILITY = YES_AGGRESSIVE;
				CLANG_WARN_UNREACHABLE_CODE = YES;
				CLANG_WARN__DUPLICATE_METHOD_MATCH = YES;
				COPY_PHASE_STRIP = NO;
				DEBUG_INFORMATION_FORMAT = dwarf;
				ENABLE_STRICT_OBJC_MSGSEND = YES;
				ENABLE_TESTABILITY = YES;
				ENABLE_USER_SCRIPT_SANDBOXING = YES;
				GCC_C_LANGUAGE_STANDARD = gnu17;
				GCC_DYNAMIC_NO_PIC = NO;
				GCC_NO_COMMON_BLOCKS = YES;
				GCC_OPTIMIZATION_LEVEL = 0;
				GCC_PREPROCESSOR_DEFINITIONS = (
					"DEBUG=1",
					"$(inherited)",
				);
				GCC_WARN_64_TO_32_BIT_CONVERSION = YES;
				GCC_WARN_ABOUT_RETURN_TYPE = YES_ERROR;
				GCC_WARN_UNDECLARED_SELECTOR = YES;
				GCC_WARN_UNINITIALIZED_AUTOS = YES_AGGRESSIVE;
				GCC_WARN_UNUSED_FUNCTION = YES;
				GCC_WARN_UNUSED_VARIABLE = YES;
				IPHONEOS_DEPLOYMENT_TARGET = 17.0;
				LOCALIZATION_PREFERS_STRING_CATALOGS = YES;
				MTL_ENABLE_DEBUG_INFO = INCLUDE_SOURCE;
				MTL_FAST_MATH = YES;
				ONLY_ACTIVE_ARCH = YES;
				SDKROOT = iphoneos;
				SWIFT_ACTIVE_COMPILATION_CONDITIONS = "DEBUG $(inherited)";
				SWIFT_OPTIMIZATION_LEVEL = "-Onone";
			};
			name = Debug;
		};
		C3B9BAB02C07C0E600E4FFC8 /* Release */ = {
			isa = XCBuildConfiguration;
			buildSettings = {
				ALWAYS_SEARCH_USER_PATHS = NO;
				ASSETCATALOG_COMPILER_GENERATE_SWIFT_ASSET_SYMBOL_EXTENSIONS = YES;
				CLANG_ANALYZER_NONNULL = YES;
				CLANG_ANALYZER_NUMBER_OBJECT_CONVERSION = YES_AGGRESSIVE;
				CLANG_CXX_LANGUAGE_STANDARD = "gnu++20";
				CLANG_ENABLE_MODULES = YES;
				CLANG_ENABLE_OBJC_ARC = YES;
				CLANG_ENABLE_OBJC_WEAK = YES;
				CLANG_WARN_BLOCK_CAPTURE_AUTORELEASING = YES;
				CLANG_WARN_BOOL_CONVERSION = YES;
				CLANG_WARN_COMMA = YES;
				CLANG_WARN_CONSTANT_CONVERSION = YES;
				CLANG_WARN_DEPRECATED_OBJC_IMPLEMENTATIONS = YES;
				CLANG_WARN_DIRECT_OBJC_ISA_USAGE = YES_ERROR;
				CLANG_WARN_DOCUMENTATION_COMMENTS = YES;
				CLANG_WARN_EMPTY_BODY = YES;
				CLANG_WARN_ENUM_CONVERSION = YES;
				CLANG_WARN_INFINITE_RECURSION = YES;
				CLANG_WARN_INT_CONVERSION = YES;
				CLANG_WARN_NON_LITERAL_NULL_CONVERSION = YES;
				CLANG_WARN_OBJC_IMPLICIT_RETAIN_SELF = YES;
				CLANG_WARN_OBJC_LITERAL_CONVERSION = YES;
				CLANG_WARN_OBJC_ROOT_CLASS = YES_ERROR;
				CLANG_WARN_QUOTED_INCLUDE_IN_FRAMEWORK_HEADER = YES;
				CLANG_WARN_RANGE_LOOP_ANALYSIS = YES;
				CLANG_WARN_STRICT_PROTOTYPES = YES;
				CLANG_WARN_SUSPICIOUS_MOVE = YES;
				CLANG_WARN_UNGUARDED_AVAILABILITY = YES_AGGRESSIVE;
				CLANG_WARN_UNREACHABLE_CODE = YES;
				CLANG_WARN__DUPLICATE_METHOD_MATCH = YES;
				COPY_PHASE_STRIP = NO;
				DEBUG_INFORMATION_FORMAT = "dwarf-with-dsym";
				ENABLE_NS_ASSERTIONS = NO;
				ENABLE_STRICT_OBJC_MSGSEND = YES;
				ENABLE_USER_SCRIPT_SANDBOXING = YES;
				GCC_C_LANGUAGE_STANDARD = gnu17;
				GCC_NO_COMMON_BLOCKS = YES;
				GCC_WARN_64_TO_32_BIT_CONVERSION = YES;
				GCC_WARN_ABOUT_RETURN_TYPE = YES_ERROR;
				GCC_WARN_UNDECLARED_SELECTOR = YES;
				GCC_WARN_UNINITIALIZED_AUTOS = YES_AGGRESSIVE;
				GCC_WARN_UNUSED_FUNCTION = YES;
				GCC_WARN_UNUSED_VARIABLE = YES;
				IPHONEOS_DEPLOYMENT_TARGET = 17.0;
				LOCALIZATION_PREFERS_STRING_CATALOGS = YES;
				MTL_ENABLE_DEBUG_INFO = NO;
				MTL_FAST_MATH = YES;
				SDKROOT = iphoneos;
				SWIFT_COMPILATION_MODE = wholemodule;
				VALIDATE_PRODUCT = YES;
			};
			name = Release;
		};
		C3B9BAB22C07C0E600E4FFC8 /* Debug */ = {
			isa = XCBuildConfiguration;
			buildSettings = {
				ASSETCATALOG_COMPILER_APPICON_NAME = AppIcon;
				ASSETCATALOG_COMPILER_GLOBAL_ACCENT_COLOR_NAME = AccentColor;
				CLANG_ENABLE_MODULES = YES;
				CODE_SIGN_STYLE = Automatic;
				CURRENT_PROJECT_VERSION = 1;
				DEVELOPMENT_ASSET_PATHS = "\"ARVirtualCamStreamer/Preview Content\"";
				DEVELOPMENT_TEAM = 9KKZGPATSJ;
				ENABLE_PREVIEWS = YES;
				GENERATE_INFOPLIST_FILE = YES;
				INFOPLIST_FILE = ARVirtualCamStreamer/Info.plist;
				INFOPLIST_KEY_NSCameraUsageDescription = "Stream color and depth data";
				INFOPLIST_KEY_UIApplicationSceneManifest_Generation = YES;
				INFOPLIST_KEY_UIApplicationSupportsIndirectInputEvents = YES;
				INFOPLIST_KEY_UILaunchScreen_Generation = YES;
				INFOPLIST_KEY_UISupportedInterfaceOrientations_iPad = "UIInterfaceOrientationPortrait UIInterfaceOrientationPortraitUpsideDown UIInterfaceOrientationLandscapeLeft UIInterfaceOrientationLandscapeRight";
				INFOPLIST_KEY_UISupportedInterfaceOrientations_iPhone = "UIInterfaceOrientationPortrait UIInterfaceOrientationLandscapeLeft UIInterfaceOrientationLandscapeRight";
				IPHONEOS_DEPLOYMENT_TARGET = 15.4;
				LD_RUNPATH_SEARCH_PATHS = (
					"$(inherited)",
					"@executable_path/Frameworks",
				);
				MARKETING_VERSION = 1.0;
				PRODUCT_BUNDLE_IDENTIFIER = carlmoore.ARVirtualCamStreamer;
				PRODUCT_NAME = "$(TARGET_NAME)";
				SWIFT_EMIT_LOC_STRINGS = YES;
				SWIFT_OBJC_BRIDGING_HEADER = "ARVirtualCamStreamer/ARVirtualCamStreamer-Bridging-Header.h";
				SWIFT_OPTIMIZATION_LEVEL = "-Onone";
				SWIFT_VERSION = 5.0;
				TARGETED_DEVICE_FAMILY = "1,2";
			};
			name = Debug;
		};
		C3B9BAB32C07C0E600E4FFC8 /* Release */ = {
			isa = XCBuildConfiguration;
			buildSettings = {
				ASSETCATALOG_COMPILER_APPICON_NAME = AppIcon;
				ASSETCATALOG_COMPILER_GLOBAL_ACCENT_COLOR_NAME = AccentColor;
				CLANG_ENABLE_MODULES = YES;
				CODE_SIGN_STYLE = Automatic;
				CURRENT_PROJECT_VERSION = 1;
				DEVELOPMENT_ASSET_PATHS = "\"ARVirtualCamStreamer/Preview Content\"";
				DEVELOPMENT_TEAM = 9KKZGPATSJ;
				ENABLE_PREVIEWS = YES;
				GENERATE_INFOPLIST_FILE = YES;
				INFOPLIST_FILE = ARVirtualCamStreamer/Info.plist;
				INFOPLIST_KEY_NSCameraUsageDescription = "Stream color and depth data";
				INFOPLIST_KEY_UIApplicationSceneManifest_Generation = YES;
				INFOPLIST_KEY_UIApplicationSupportsIndirectInputEvents = YES;
				INFOPLIST_KEY_UILaunchScreen_Generation = YES;
				INFOPLIST_KEY_UISupportedInterfaceOrientations_iPad = "UIInterfaceOrientationPortrait UIInterfaceOrientationPortraitUpsideDown UIInterfaceOrientationLandscapeLeft UIInterfaceOrientationLandscapeRight";
				INFOPLIST_KEY_UISupportedInterfaceOrientations_iPhone = "UIInterfaceOrientationPortrait UIInterfaceOrientationLandscapeLeft UIInterfaceOrientationLandscapeRight";
				IPHONEOS_DEPLOYMENT_TARGET = 15.4;
				LD_RUNPATH_SEARCH_PATHS = (
					"$(inherited)",
					"@executable_path/Frameworks",
				);
				MARKETING_VERSION = 1.0;
				PRODUCT_BUNDLE_IDENTIFIER = carlmoore.ARVirtualCamStreamer;
				PRODUCT_NAME = "$(TARGET_NAME)";
				SWIFT_EMIT_LOC_STRINGS = YES;
				SWIFT_OBJC_BRIDGING_HEADER = "ARVirtualCamStreamer/ARVirtualCamStreamer-Bridging-Header.h";
				SWIFT_VERSION = 5.0;
				TARGETED_DEVICE_FAMILY = "1,2";
			};
			name = Release;
		};
		C3B9BAB52C07C0E600E4FFC8 /* Debug */ = {
			isa = XCBuildConfiguration;
			buildSettings = {
				ALWAYS_EMBED_SWIFT_STANDARD_LIBRARIES = YES;
				BUNDLE_LOADER = "$(TEST_HOST)";
				CODE_SIGN_STYLE = Automatic;
				CURRENT_PROJECT_VERSION = 1;
				DEVELOPMENT_TEAM = 9KKZGPATSJ;
				GENERATE_INFOPLIST_FILE = YES;
				IPHONEOS_DEPLOYMENT_TARGET = 17.0;
				MARKETING_VERSION = 1.0;
				PRODUCT_BUNDLE_IDENTIFIER = carlmoore.ARVirtualCamStreamerTests;
				PRODUCT_NAME = "$(TARGET_NAME)";
				SWIFT_EMIT_LOC_STRINGS = NO;
				SWIFT_VERSION = 5.0;
				TARGETED_DEVICE_FAMILY = "1,2";
				TEST_HOST = "$(BUILT_PRODUCTS_DIR)/ARVirtualCamStreamer.app/$(BUNDLE_EXECUTABLE_FOLDER_PATH)/ARVirtualCamStreamer";
			};
			name = Debug;
		};
		C3B9BAB62C07C0E600E4FFC8 /* Release */ = {
			isa = XCBuildConfiguration;
			buildSettings = {
				ALWAYS_EMBED_SWIFT_STANDARD_LIBRARIES = YES;
				BUNDLE_LOADER = "$(TEST_HOST)";
				CODE_SIGN_STYLE = Automatic;
				CURRENT_PROJECT_VERSION = 1;
				DEVELOPMENT_TEAM = 9KKZGPATSJ;
				GENERATE_INFOPLIST_FILE = YES;
				IPHONEOS_DEPLOYMENT_TARGET = 17.0;
				MARKETING_VERSION = 1.0;
				PRODUCT_BUNDLE_IDENTIFIER = carlmoore.ARVirtualCamStreamerTests;
				PRODUCT_NAME = "$(TARGET_NAME)";
				SWIFT_EMIT_LOC_STRINGS = NO;
				SWIFT_VERSION = 5.0;
				TARGETED_DEVICE_FAMILY = "1,2";
				TEST_HOST = "$(BUILT_PRODUCTS_DIR)/ARVirtualCamStreamer.app/$(BUNDLE_EXECUTABLE_FOLDER_PATH)/ARVirtualCamStreamer";
			};
			name = Release;
		};
		C3B9BAB82C07C0E600E4FFC8 /* Debug */ = {
			isa = XCBuildConfiguration;
			buildSettings = {
				ALWAYS_EMBED_SWIFT_STANDARD_LIBRARIES = YES;
				CODE_SIGN_STYLE = Automatic;
				CURRENT_PROJECT_VERSION = 1;
				DEVELOPMENT_TEAM = 9KKZGPATSJ;
				GENERATE_INFOPLIST_FILE = YES;
				MARKETING_VERSION = 1.0;
				PRODUCT_BUNDLE_IDENTIFIER = carlmoore.ARVirtualCamStreamerUITests;
				PRODUCT_NAME = "$(TARGET_NAME)";
				SWIFT_EMIT_LOC_STRINGS = NO;
				SWIFT_VERSION = 5.0;
				TARGETED_DEVICE_FAMILY = "1,2";
				TEST_TARGET_NAME = ARVirtualCamStreamer;
			};
			name = Debug;
		};
		C3B9BAB92C07C0E600E4FFC8 /* Release */ = {
			isa = XCBuildConfiguration;
			buildSettings = {
				ALWAYS_EMBED_SWIFT_STANDARD_LIBRARIES = YES;
				CODE_SIGN_STYLE = Automatic;
				CURRENT_PROJECT_VERSION = 1;
				DEVELOPMENT_TEAM = 9KKZGPATSJ;
				GENERATE_INFOPLIST_FILE = YES;
				MARKETING_VERSION = 1.0;
				PRODUCT_BUNDLE_IDENTIFIER = carlmoore.ARVirtualCamStreamerUITests;
				PRODUCT_NAME = "$(TARGET_NAME)";
				SWIFT_EMIT_LOC_STRINGS = NO;
				SWIFT_VERSION = 5.0;
				TARGETED_DEVICE_FAMILY = "1,2";
				TEST_TARGET_NAME = ARVirtualCamStreamer;
			};
			name = Release;
		};
/* End XCBuildConfiguration section */

/* Begin XCConfigurationList section */
		C3B9BA882C07C0E500E4FFC8 /* Build configuration list for PBXProject "ARVirtualCamStreamer" */ = {
			isa = XCConfigurationList;
			buildConfigurations = (
				C3B9BAAF2C07C0E600E4FFC8 /* Debug */,
				C3B9BAB02C07C0E600E4FFC8 /* Release */,
			);
			defaultConfigurationIsVisible = 0;
			defaultConfigurationName = Release;
		};
		C3B9BAB12C07C0E600E4FFC8 /* Build configuration list for PBXNativeTarget "ARVirtualCamStreamer" */ = {
			isa = XCConfigurationList;
			buildConfigurations = (
				C3B9BAB22C07C0E600E4FFC8 /* Debug */,
				C3B9BAB32C07C0E600E4FFC8 /* Release */,
			);
			defaultConfigurationIsVisible = 0;
			defaultConfigurationName = Release;
		};
		C3B9BAB42C07C0E600E4FFC8 /* Build configuration list for PBXNativeTarget "ARVirtualCamStreamerTests" */ = {
			isa = XCConfigurationList;
			buildConfigurations = (
				C3B9BAB52C07C0E600E4FFC8 /* Debug */,
				C3B9BAB62C07C0E600E4FFC8 /* Release */,
			);
			defaultConfigurationIsVisible = 0;
			defaultConfigurationName = Release;
		};
		C3B9BAB72C07C0E600E4FFC8 /* Build configuration list for PBXNativeTarget "ARVirtualCamStreamerUITests" */ = {
			isa = XCConfigurationList;
			buildConfigurations = (
				C3B9BAB82C07C0E600E4FFC8 /* Debug */,
				C3B9BAB92C07C0E600E4FFC8 /* Release */,
			);
			defaultConfigurationIsVisible = 0;
			defaultConfigurationName = Release;
		};
/* End XCConfigurationList section */

/* Begin XCRemoteSwiftPackageReference section */
		C3B9BABB2C07C34900E4FFC8 /* XCRemoteSwiftPackageReference "DataCompression" */ = {
			isa = XCRemoteSwiftPackageReference;
			repositoryURL = "https://github.com/mw99/DataCompression";
			requirement = {
				kind = upToNextMajorVersion;
				minimumVersion = 3.8.0;
			};
		};
		C3B9BABE2C07C36E00E4FFC8 /* XCRemoteSwiftPackageReference "WebRTC" */ = {
			isa = XCRemoteSwiftPackageReference;
			repositoryURL = "https://github.com/stasel/WebRTC";
			requirement = {
				kind = exactVersion;
				version = 116.0.0;
			};
		};
/* End XCRemoteSwiftPackageReference section */

/* Begin XCSwiftPackageProductDependency section */
		C3B9BABC2C07C34900E4FFC8 /* DataCompression */ = {
			isa = XCSwiftPackageProductDependency;
			package = C3B9BABB2C07C34900E4FFC8 /* XCRemoteSwiftPackageReference "DataCompression" */;
			productName = DataCompression;
		};
		C3B9BABF2C07C36E00E4FFC8 /* WebRTC */ = {
			isa = XCSwiftPackageProductDependency;
			package = C3B9BABE2C07C36E00E4FFC8 /* XCRemoteSwiftPackageReference "WebRTC" */;
			productName = WebRTC;
		};
/* End XCSwiftPackageProductDependency section */
	};
	rootObject = C3B9BA852C07C0E500E4FFC8 /* Project object */;
}
